// !$*UTF8*$!
{
	archiveVersion = 1;
	classes = {
	};
	objectVersion = 46;
	objects = {

/* Begin PBXBuildFile section */
		43D66A111B77132D008B0378 /* main.m in Sources */ = {isa = PBXBuildFile; fileRef = 43D66A101B77132D008B0378 /* main.m */; };
		43D66A141B77132D008B0378 /* AppDelegate.m in Sources */ = {isa = PBXBuildFile; fileRef = 43D66A131B77132D008B0378 /* AppDelegate.m */; };
		43D66A171B77132D008B0378 /* ViewController.m in Sources */ = {isa = PBXBuildFile; fileRef = 43D66A161B77132D008B0378 /* ViewController.m */; };
		43D66A1A1B77132D008B0378 /* Main.storyboard in Resources */ = {isa = PBXBuildFile; fileRef = 43D66A181B77132D008B0378 /* Main.storyboard */; };
		43D66A1C1B77132D008B0378 /* Images.xcassets in Resources */ = {isa = PBXBuildFile; fileRef = 43D66A1B1B77132D008B0378 /* Images.xcassets */; };
		43D66A1F1B77132D008B0378 /* LaunchScreen.xib in Resources */ = {isa = PBXBuildFile; fileRef = 43D66A1D1B77132D008B0378 /* LaunchScreen.xib */; };
		43D66A2B1B77132E008B0378 /* __Tests.m in Sources */ = {isa = PBXBuildFile; fileRef = 43D66A2A1B77132E008B0378 /* __Tests.m */; };
/* End PBXBuildFile section */

/* Begin PBXContainerItemProxy section */
		43D66A251B77132E008B0378 /* PBXContainerItemProxy */ = {
			isa = PBXContainerItemProxy;
			containerPortal = 43D66A031B77132D008B0378 /* Project object */;
			proxyType = 1;
			remoteGlobalIDString = 43D66A0A1B77132D008B0378;
			remoteInfo = "签到";
		};
/* End PBXContainerItemProxy section */

/* Begin PBXFileReference section */
		43D66A0B1B77132D008B0378 /* 签到.app */ = {isa = PBXFileReference; explicitFileType = wrapper.application; includeInIndex = 0; path = "签到.app"; sourceTree = BUILT_PRODUCTS_DIR; };
		43D66A0F1B77132D008B0378 /* Info.plist */ = {isa = PBXFileReference; lastKnownFileType = text.plist.xml; path = Info.plist; sourceTree = "<group>"; };
		43D66A101B77132D008B0378 /* main.m */ = {isa = PBXFileReference; lastKnownFileType = sourcecode.c.objc; path = main.m; sourceTree = "<group>"; };
		43D66A121B77132D008B0378 /* AppDelegate.h */ = {isa = PBXFileReference; lastKnownFileType = sourcecode.c.h; path = AppDelegate.h; sourceTree = "<group>"; };
		43D66A131B77132D008B0378 /* AppDelegate.m */ = {isa = PBXFileReference; lastKnownFileType = sourcecode.c.objc; path = AppDelegate.m; sourceTree = "<group>"; };
		43D66A151B77132D008B0378 /* ViewController.h */ = {isa = PBXFileReference; lastKnownFileType = sourcecode.c.h; path = ViewController.h; sourceTree = "<group>"; };
		43D66A161B77132D008B0378 /* ViewController.m */ = {isa = PBXFileReference; lastKnownFileType = sourcecode.c.objc; path = ViewController.m; sourceTree = "<group>"; };
		43D66A191B77132D008B0378 /* Base */ = {isa = PBXFileReference; lastKnownFileType = file.storyboard; name = Base; path = Base.lproj/Main.storyboard; sourceTree = "<group>"; };
		43D66A1B1B77132D008B0378 /* Images.xcassets */ = {isa = PBXFileReference; lastKnownFileType = folder.assetcatalog; path = Images.xcassets; sourceTree = "<group>"; };
		43D66A1E1B77132D008B0378 /* Base */ = {isa = PBXFileReference; lastKnownFileType = file.xib; name = Base; path = Base.lproj/LaunchScreen.xib; sourceTree = "<group>"; };
		43D66A241B77132E008B0378 /* 签到Tests.xctest */ = {isa = PBXFileReference; explicitFileType = wrapper.cfbundle; includeInIndex = 0; path = "签到Tests.xctest"; sourceTree = BUILT_PRODUCTS_DIR; };
		43D66A291B77132E008B0378 /* Info.plist */ = {isa = PBXFileReference; lastKnownFileType = text.plist.xml; path = Info.plist; sourceTree = "<group>"; };
		43D66A2A1B77132E008B0378 /* __Tests.m */ = {isa = PBXFileReference; lastKnownFileType = sourcecode.c.objc; path = __Tests.m; sourceTree = "<group>"; };
/* End PBXFileReference section */

/* Begin PBXFrameworksBuildPhase section */
		43D66A081B77132D008B0378 /* Frameworks */ = {
			isa = PBXFrameworksBuildPhase;
			buildActionMask = 2147483647;
			files = (
			);
			runOnlyForDeploymentPostprocessing = 0;
		};
		43D66A211B77132E008B0378 /* Frameworks */ = {
			isa = PBXFrameworksBuildPhase;
			buildActionMask = 2147483647;
			files = (
			);
			runOnlyForDeploymentPostprocessing = 0;
		};
/* End PBXFrameworksBuildPhase section */

/* Begin PBXGroup section */
		43D66A021B77132D008B0378 = {
			isa = PBXGroup;
			children = (
				43D66A0D1B77132D008B0378 /* 签到 */,
				43D66A271B77132E008B0378 /* 签到Tests */,
				43D66A0C1B77132D008B0378 /* Products */,
			);
			sourceTree = "<group>";
		};
		43D66A0C1B77132D008B0378 /* Products */ = {
			isa = PBXGroup;
			children = (
				43D66A0B1B77132D008B0378 /* 签到.app */,
				43D66A241B77132E008B0378 /* 签到Tests.xctest */,
			);
			name = Products;
			sourceTree = "<group>";
		};
		43D66A0D1B77132D008B0378 /* 签到 */ = {
			isa = PBXGroup;
			children = (
				43D66A121B77132D008B0378 /* AppDelegate.h */,
				43D66A131B77132D008B0378 /* AppDelegate.m */,
				43D66A151B77132D008B0378 /* ViewController.h */,
				43D66A161B77132D008B0378 /* ViewController.m */,
				43D66A181B77132D008B0378 /* Main.storyboard */,
				43D66A1B1B77132D008B0378 /* Images.xcassets */,
				43D66A1D1B77132D008B0378 /* LaunchScreen.xib */,
				43D66A0E1B77132D008B0378 /* Supporting Files */,
			);
			path = "签到";
			sourceTree = "<group>";
		};
		43D66A0E1B77132D008B0378 /* Supporting Files */ = {
			isa = PBXGroup;
			children = (
				43D66A0F1B77132D008B0378 /* Info.plist */,
				43D66A101B77132D008B0378 /* main.m */,
			);
			name = "Supporting Files";
			sourceTree = "<group>";
		};
		43D66A271B77132E008B0378 /* 签到Tests */ = {
			isa = PBXGroup;
			children = (
				43D66A2A1B77132E008B0378 /* __Tests.m */,
				43D66A281B77132E008B0378 /* Supporting Files */,
			);
			path = "签到Tests";
			sourceTree = "<group>";
		};
		43D66A281B77132E008B0378 /* Supporting Files */ = {
			isa = PBXGroup;
			children = (
				43D66A291B77132E008B0378 /* Info.plist */,
			);
			name = "Supporting Files";
			sourceTree = "<group>";
		};
/* End PBXGroup section */

/* Begin PBXNativeTarget section */
		43D66A0A1B77132D008B0378 /* 签到 */ = {
			isa = PBXNativeTarget;
			buildConfigurationList = 43D66A2E1B77132E008B0378 /* Build configuration list for PBXNativeTarget "签到" */;
			buildPhases = (
				43D66A071B77132D008B0378 /* Sources */,
				43D66A081B77132D008B0378 /* Frameworks */,
				43D66A091B77132D008B0378 /* Resources */,
			);
			buildRules = (
			);
			dependencies = (
			);
			name = "签到";
			productName = "签到";
			productReference = 43D66A0B1B77132D008B0378 /* 签到.app */;
			productType = "com.apple.product-type.application";
		};
		43D66A231B77132E008B0378 /* 签到Tests */ = {
			isa = PBXNativeTarget;
			buildConfigurationList = 43D66A311B77132E008B0378 /* Build configuration list for PBXNativeTarget "签到Tests" */;
			buildPhases = (
				43D66A201B77132E008B0378 /* Sources */,
				43D66A211B77132E008B0378 /* Frameworks */,
				43D66A221B77132E008B0378 /* Resources */,
			);
			buildRules = (
			);
			dependencies = (
				43D66A261B77132E008B0378 /* PBXTargetDependency */,
			);
			name = "签到Tests";
			productName = "签到Tests";
			productReference = 43D66A241B77132E008B0378 /* 签到Tests.xctest */;
			productType = "com.apple.product-type.bundle.unit-test";
		};
/* End PBXNativeTarget section */

/* Begin PBXProject section */
		43D66A031B77132D008B0378 /* Project object */ = {
			isa = PBXProject;
			attributes = {
				LastUpgradeCheck = 0630;
				ORGANIZATIONNAME = tesla;
				TargetAttributes = {
					43D66A0A1B77132D008B0378 = {
						CreatedOnToolsVersion = 6.3.1;
					};
					43D66A231B77132E008B0378 = {
						CreatedOnToolsVersion = 6.3.1;
						TestTargetID = 43D66A0A1B77132D008B0378;
					};
				};
			};
			buildConfigurationList = 43D66A061B77132D008B0378 /* Build configuration list for PBXProject "签到" */;
			compatibilityVersion = "Xcode 3.2";
			developmentRegion = English;
			hasScannedForEncodings = 0;
			knownRegions = (
				en,
				Base,
			);
			mainGroup = 43D66A021B77132D008B0378;
			productRefGroup = 43D66A0C1B77132D008B0378 /* Products */;
			projectDirPath = "";
			projectRoot = "";
			targets = (
				43D66A0A1B77132D008B0378 /* 签到 */,
				43D66A231B77132E008B0378 /* 签到Tests */,
			);
		};
/* End PBXProject section */

/* Begin PBXResourcesBuildPhase section */
		43D66A091B77132D008B0378 /* Resources */ = {
			isa = PBXResourcesBuildPhase;
			buildActionMask = 2147483647;
			files = (
				43D66A1A1B77132D008B0378 /* Main.storyboard in Resources */,
				43D66A1F1B77132D008B0378 /* LaunchScreen.xib in Resources */,
				43D66A1C1B77132D008B0378 /* Images.xcassets in Resources */,
			);
			runOnlyForDeploymentPostprocessing = 0;
		};
		43D66A221B77132E008B0378 /* Resources */ = {
			isa = PBXResourcesBuildPhase;
			buildActionMask = 2147483647;
			files = (
			);
			runOnlyForDeploymentPostprocessing = 0;
		};
/* End PBXResourcesBuildPhase section */

/* Begin PBXSourcesBuildPhase section */
		43D66A071B77132D008B0378 /* Sources */ = {
			isa = PBXSourcesBuildPhase;
			buildActionMask = 2147483647;
			files = (
				43D66A171B77132D008B0378 /* ViewController.m in Sources */,
				43D66A141B77132D008B0378 /* AppDelegate.m in Sources */,
				43D66A111B77132D008B0378 /* main.m in Sources */,
			);
			runOnlyForDeploymentPostprocessing = 0;
		};
		43D66A201B77132E008B0378 /* Sources */ = {
			isa = PBXSourcesBuildPhase;
			buildActionMask = 2147483647;
			files = (
				43D66A2B1B77132E008B0378 /* __Tests.m in Sources */,
			);
			runOnlyForDeploymentPostprocessing = 0;
		};
/* End PBXSourcesBuildPhase section */

/* Begin PBXTargetDependency section */
		43D66A261B77132E008B0378 /* PBXTargetDependency */ = {
			isa = PBXTargetDependency;
			target = 43D66A0A1B77132D008B0378 /* 签到 */;
			targetProxy = 43D66A251B77132E008B0378 /* PBXContainerItemProxy */;
		};
/* End PBXTargetDependency section */

/* Begin PBXVariantGroup section */
		43D66A181B77132D008B0378 /* Main.storyboard */ = {
			isa = PBXVariantGroup;
			children = (
				43D66A191B77132D008B0378 /* Base */,
			);
			name = Main.storyboard;
			sourceTree = "<group>";
		};
		43D66A1D1B77132D008B0378 /* LaunchScreen.xib */ = {
			isa = PBXVariantGroup;
			children = (
				43D66A1E1B77132D008B0378 /* Base */,
			);
			name = LaunchScreen.xib;
			sourceTree = "<group>";
		};
/* End PBXVariantGroup section */

/* Begin XCBuildConfiguration section */
		43D66A2C1B77132E008B0378 /* Debug */ = {
			isa = XCBuildConfiguration;
			buildSettings = {
				ALWAYS_SEARCH_USER_PATHS = NO;
				CLANG_CXX_LANGUAGE_STANDARD = "gnu++0x";
				CLANG_CXX_LIBRARY = "libc++";
				CLANG_ENABLE_MODULES = YES;
				CLANG_ENABLE_OBJC_ARC = YES;
				CLANG_WARN_BOOL_CONVERSION = YES;
				CLANG_WARN_CONSTANT_CONVERSION = YES;
				CLANG_WARN_DIRECT_OBJC_ISA_USAGE = YES_ERROR;
				CLANG_WARN_EMPTY_BODY = YES;
				CLANG_WARN_ENUM_CONVERSION = YES;
				CLANG_WARN_INT_CONVERSION = YES;
				CLANG_WARN_OBJC_ROOT_CLASS = YES_ERROR;
				CLANG_WARN_UNREACHABLE_CODE = YES;
				CLANG_WARN__DUPLICATE_METHOD_MATCH = YES;
				"CODE_SIGN_IDENTITY[sdk=iphoneos*]" = "iPhone Developer";
				COPY_PHASE_STRIP = NO;
				DEBUG_INFORMATION_FORMAT = "dwarf-with-dsym";
				ENABLE_STRICT_OBJC_MSGSEND = YES;
				GCC_C_LANGUAGE_STANDARD = gnu99;
				GCC_DYNAMIC_NO_PIC = NO;
				GCC_NO_COMMON_BLOCKS = YES;
				GCC_OPTIMIZATION_LEVEL = 0;
				GCC_PREPROCESSOR_DEFINITIONS = (
					"DEBUG=1",
					"$(inherited)",
				);
				GCC_SYMBOLS_PRIVATE_EXTERN = NO;
				GCC_WARN_64_TO_32_BIT_CONVERSION = YES;
				GCC_WARN_ABOUT_RETURN_TYPE = YES_ERROR;
				GCC_WARN_UNDECLARED_SELECTOR = YES;
				GCC_WARN_UNINITIALIZED_AUTOS = YES_AGGRESSIVE;
				GCC_WARN_UNUSED_FUNCTION = YES;
				GCC_WARN_UNUSED_VARIABLE = YES;
				IPHONEOS_DEPLOYMENT_TARGET = 8.3;
				MTL_ENABLE_DEBUG_INFO = YES;
				ONLY_ACTIVE_ARCH = YES;
				SDKROOT = iphoneos;
			};
			name = Debug;
		};
		43D66A2D1B77132E008B0378 /* Release */ = {
			isa = XCBuildConfiguration;
			buildSettings = {
				ALWAYS_SEARCH_USER_PATHS = NO;
				CLANG_CXX_LANGUAGE_STANDARD = "gnu++0x";
				CLANG_CXX_LIBRARY = "libc++";
				CLANG_ENABLE_MODULES = YES;
				CLANG_ENABLE_OBJC_ARC = YES;
				CLANG_WARN_BOOL_CONVERSION = YES;
				CLANG_WARN_CONSTANT_CONVERSION = YES;
				CLANG_WARN_DIRECT_OBJC_ISA_USAGE = YES_ERROR;
				CLANG_WARN_EMPTY_BODY = YES;
				CLANG_WARN_ENUM_CONVERSION = YES;
				CLANG_WARN_INT_CONVERSION = YES;
				CLANG_WARN_OBJC_ROOT_CLASS = YES_ERROR;
				CLANG_WARN_UNREACHABLE_CODE = YES;
				CLANG_WARN__DUPLICATE_METHOD_MATCH = YES;
				"CODE_SIGN_IDENTITY[sdk=iphoneos*]" = "iPhone Developer";
				COPY_PHASE_STRIP = NO;
				DEBUG_INFORMATION_FORMAT = "dwarf-with-dsym";
				ENABLE_NS_ASSERTIONS = NO;
				ENABLE_STRICT_OBJC_MSGSEND = YES;
				GCC_C_LANGUAGE_STANDARD = gnu99;
				GCC_NO_COMMON_BLOCKS = YES;
				GCC_WARN_64_TO_32_BIT_CONVERSION = YES;
				GCC_WARN_ABOUT_RETURN_TYPE = YES_ERROR;
				GCC_WARN_UNDECLARED_SELECTOR = YES;
				GCC_WARN_UNINITIALIZED_AUTOS = YES_AGGRESSIVE;
				GCC_WARN_UNUSED_FUNCTION = YES;
				GCC_WARN_UNUSED_VARIABLE = YES;
				IPHONEOS_DEPLOYMENT_TARGET = 8.3;
				MTL_ENABLE_DEBUG_INFO = NO;
				SDKROOT = iphoneos;
				VALIDATE_PRODUCT = YES;
			};
			name = Release;
		};
		43D66A2F1B77132E008B0378 /* Debug */ = {
			isa = XCBuildConfiguration;
			buildSettings = {
				ASSETCATALOG_COMPILER_APPICON_NAME = AppIcon;
				INFOPLIST_FILE = "签到/Info.plist";
				LD_RUNPATH_SEARCH_PATHS = "$(inherited) @executable_path/Frameworks";
				PRODUCT_NAME = "$(TARGET_NAME)";
			};
			name = Debug;
		};
		43D66A301B77132E008B0378 /* Release */ = {
			isa = XCBuildConfiguration;
			buildSettings = {
				ASSETCATALOG_COMPILER_APPICON_NAME = AppIcon;
				INFOPLIST_FILE = "签到/Info.plist";
				LD_RUNPATH_SEARCH_PATHS = "$(inherited) @executable_path/Frameworks";
				PRODUCT_NAME = "$(TARGET_NAME)";
			};
			name = Release;
		};
		43D66A321B77132E008B0378 /* Debug */ = {
			isa = XCBuildConfiguration;
			buildSettings = {
				BUNDLE_LOADER = "$(TEST_HOST)";
				FRAMEWORK_SEARCH_PATHS = (
					"$(SDKROOT)/Developer/Library/Frameworks",
					"$(inherited)",
				);
				GCC_PREPROCESSOR_DEFINITIONS = (
					"DEBUG=1",
					"$(inherited)",
				);
				INFOPLIST_FILE = "签到Tests/Info.plist";
				LD_RUNPATH_SEARCH_PATHS = "$(inherited) @executable_path/Frameworks @loader_path/Frameworks";
				PRODUCT_NAME = "$(TARGET_NAME)";
				TEST_HOST = "$(BUILT_PRODUCTS_DIR)/签到.app/签到";
			};
			name = Debug;
		};
		43D66A331B77132E008B0378 /* Release */ = {
			isa = XCBuildConfiguration;
			buildSettings = {
				BUNDLE_LOADER = "$(TEST_HOST)";
				FRAMEWORK_SEARCH_PATHS = (
					"$(SDKROOT)/Developer/Library/Frameworks",
					"$(inherited)",
				);
				INFOPLIST_FILE = "签到Tests/Info.plist";
				LD_RUNPATH_SEARCH_PATHS = "$(inherited) @executable_path/Frameworks @loader_path/Frameworks";
				PRODUCT_NAME = "$(TARGET_NAME)";
				TEST_HOST = "$(BUILT_PRODUCTS_DIR)/签到.app/签到";
			};
			name = Release;
		};
/* End XCBuildConfiguration section */

/* Begin XCConfigurationList section */
		43D66A061B77132D008B0378 /* Build configuration list for PBXProject "签到" */ = {
			isa = XCConfigurationList;
			buildConfigurations = (
				43D66A2C1B77132E008B0378 /* Debug */,
				43D66A2D1B77132E008B0378 /* Release */,
			);
			defaultConfigurationIsVisible = 0;
			defaultConfigurationName = Release;
		};
		43D66A2E1B77132E008B0378 /* Build configuration list for PBXNativeTarget "签到" */ = {
			isa = XCConfigurationList;
			buildConfigurations = (
				43D66A2F1B77132E008B0378 /* Debug */,
				43D66A301B77132E008B0378 /* Release */,
			);
			defaultConfigurationIsVisible = 0;
		};
		43D66A311B77132E008B0378 /* Build configuration list for PBXNativeTarget "签到Tests" */ = {
			isa = XCConfigurationList;
			buildConfigurations = (
				43D66A321B77132E008B0378 /* Debug */,
				43D66A331B77132E008B0378 /* Release */,
			);
			defaultConfigurationIsVisible = 0;
		};
/* End XCConfigurationList section */
	};
	rootObject = 43D66A031B77132D008B0378 /* Project object */;
}
